
Microsoft Visual Studio Solution File, Format Version 12.00
# Visual Studio Version 16
VisualStudioVersion = 16.0.32407.337
MinimumVisualStudioVersion = 10.0.40219.1
Project("{E24C65DC-7377-472B-9ABA-BC803B73C61A}") = "BarcodeLabelPrinringWebClient", "BarcodeLabelPrinringWebClient\", "{F50B8F1A-08CF-4F3E-95FD-CA704CBF8D87}"
	ProjectSection(WebsiteProperties) = preProject
		TargetFrameworkMoniker = ".NETFramework,Version%3Dv4.0"
		Debug.AspNetCompiler.VirtualPath = "/localhost_52992"
		Debug.AspNetCompiler.PhysicalPath = "BarcodeLabelPrinringWebClient\"
		Debug.AspNetCompiler.TargetPath = "PrecompiledWeb\localhost_52992\"
		Debug.AspNetCompiler.Updateable = "true"
		Debug.AspNetCompiler.ForceOverwrite = "true"
		Debug.AspNetCompiler.FixedNames = "false"
		Debug.AspNetCompiler.Debug = "True"
		Release.AspNetCompiler.VirtualPath = "/localhost_52992"
		Release.AspNetCompiler.PhysicalPath = "BarcodeLabelPrinringWebClient\"
		Release.AspNetCompiler.TargetPath = "PrecompiledWeb\localhost_52992\"
		Release.AspNetCompiler.Updateable = "true"
		Release.AspNetCompiler.ForceOverwrite = "true"
		Release.AspNetCompiler.FixedNames = "false"
		Release.AspNetCompiler.Debug = "False"
		VWDPort = "52992"
		SlnRelativePath = "BarcodeLabelPrinringWebClient\"
	EndProjectSection
EndProject
Project("{FAE04EC0-301F-11D3-BF4B-00C04F79EFBC}") = "BarcodeLabelPrinting", "BarcodeLabelPrinting\BarcodeLabelPrinting.csproj", "{E11D8254-753B-435E-ADBE-DDFE4954FFC2}"
Global
	GlobalSection(SolutionConfigurationPlatforms) = preSolution
		Debug|Any CPU = Debug|Any CPU
		Release|Any CPU = Release|Any CPU
	EndGlobalSection
	GlobalSection(ProjectConfigurationPlatforms) = postSolution
		{F50B8F1A-08CF-4F3E-95FD-CA704CBF8D87}.Debug|Any CPU.ActiveCfg = Debug|Any CPU
		{F50B8F1A-08CF-4F3E-95FD-CA704CBF8D87}.Debug|Any CPU.Build.0 = Debug|Any CPU
		{F50B8F1A-08CF-4F3E-95FD-CA704CBF8D87}.Release|Any CPU.ActiveCfg = Debug|Any CPU
		{F50B8F1A-08CF-4F3E-95FD-CA704CBF8D87}.Release|Any CPU.Build.0 = Debug|Any CPU
		{E11D8254-753B-435E-ADBE-DDFE4954FFC2}.Debug|Any CPU.ActiveCfg = Debug|Any CPU
		{E11D8254-753B-435E-ADBE-DDFE4954FFC2}.Debug|Any CPU.Build.0 = Debug|Any CPU
		{E11D8254-753B-435E-ADBE-DDFE4954FFC2}.Release|Any CPU.ActiveCfg = Release|Any CPU
		{E11D8254-753B-435E-ADBE-DDFE4954FFC2}.Release|Any CPU.Build.0 = Release|Any CPU
	EndGlobalSection
	GlobalSection(SolutionProperties) = preSolution
		HideSolutionNode = FALSE
	EndGlobalSection
	GlobalSection(ExtensibilityGlobals) = postSolution
		SolutionGuid = {E9DCE685-22C1-4C3B-96DD-CD9127C10E99}
	EndGlobalSection
EndGlobal
